<?xml version="1.0" encoding="utf-8"?>
<Project ToolsVersion="4.0" xmlns="http://schemas.microsoft.com/developer/msbuild/2003">
  <ItemGroup>
    <Filter Include="00.imgui">
      <UniqueIdentifier>{82dd349f-9d04-42ed-9062-ba30925b89fb}</UniqueIdentifier>
    </Filter>
    <Filter Include="00.MainApp">
      <UniqueIdentifier>{d1ce834c-7a0d-447c-9ba3-7e3a187085e0}</UniqueIdentifier>
    </Filter>
    <Filter Include="01.Level">
      <UniqueIdentifier>{7bbfde62-00b9-4949-ac59-28891d9fc32e}</UniqueIdentifier>
    </Filter>
    <Filter Include="02.GameObjects">
      <UniqueIdentifier>{b5a6163c-5995-4c0b-a942-6f37e69c3d60}</UniqueIdentifier>
    </Filter>
    <Filter Include="97.ShaderFile">
      <UniqueIdentifier>{c7c6a753-bd9a-4032-b883-e3d8990077bc}</UniqueIdentifier>
    </Filter>
    <Filter Include="98.Default">
      <UniqueIdentifier>{8fa3c849-13c2-4ac4-b52b-a55f1243723e}</UniqueIdentifier>
    </Filter>
    <Filter Include="99.Defines">
      <UniqueIdentifier>{fce983fc-2c72-4e69-8369-e6a2df88bb38}</UniqueIdentifier>
    </Filter>
    <Filter Include="03.Manager">
      <UniqueIdentifier>{4725dc48-f666-4209-a15a-d986e12e50b9}</UniqueIdentifier>
    </Filter>
    <Filter Include="02.GameObjects\Camera">
      <UniqueIdentifier>{f05c164c-e9e5-46a0-9649-587512daf1d0}</UniqueIdentifier>
    </Filter>
    <Filter Include="02.GameObjects\Mesh">
      <UniqueIdentifier>{b462b20c-fc6d-4213-af6d-5e2553a2c25f}</UniqueIdentifier>
    </Filter>
    <Filter Include="02.GameObjects\Object">
      <UniqueIdentifier>{8732e27b-8f11-4e6b-836c-77848cc594b8}</UniqueIdentifier>
    </Filter>
    <Filter Include="02.GameObjects\Player">
      <UniqueIdentifier>{956434cd-2f6e-4c98-aa62-5f4c35b157ec}</UniqueIdentifier>
    </Filter>
    <Filter Include="02.GameObjects\Timer">
      <UniqueIdentifier>{92f8f5e6-a74a-4fa2-bc15-bd38185bbfd1}</UniqueIdentifier>
    </Filter>
    <Filter Include="02.GameObjects\UI">
      <UniqueIdentifier>{7b26c60a-1316-4f57-ace3-4ca53088e193}</UniqueIdentifier>
    </Filter>
    <Filter Include="02.GameObjects\Sky">
      <UniqueIdentifier>{f8951b3d-d5c6-45e3-a98e-3ce6ccfe834d}</UniqueIdentifier>
    </Filter>
    <Filter Include="02.GameObjects\Terrain">
      <UniqueIdentifier>{ffc1d762-3e25-4fd6-b743-04ca07383c50}</UniqueIdentifier>
    </Filter>
  </ItemGroup>
  <ItemGroup>
    <ClInclude Include="imgui\imconfig.h">
      <Filter>00.imgui</Filter>
    </ClInclude>
    <ClInclude Include="imgui\imgui.h">
      <Filter>00.imgui</Filter>
    </ClInclude>
    <ClInclude Include="imgui\imgui_impl_dx11.h">
      <Filter>00.imgui</Filter>
    </ClInclude>
    <ClInclude Include="imgui\imgui_impl_win32.h">
      <Filter>00.imgui</Filter>
    </ClInclude>
    <ClInclude Include="imgui\imgui_internal.h">
      <Filter>00.imgui</Filter>
    </ClInclude>
    <ClInclude Include="imgui\imstb_rectpack.h">
      <Filter>00.imgui</Filter>
    </ClInclude>
    <ClInclude Include="imgui\imstb_textedit.h">
      <Filter>00.imgui</Filter>
    </ClInclude>
    <ClInclude Include="imgui\imstb_truetype.h">
      <Filter>00.imgui</Filter>
    </ClInclude>
    <ClInclude Include="AnimatedShot.h">
      <Filter>00.MainApp</Filter>
    </ClInclude>
    <ClInclude Include="GameFramework.h">
      <Filter>00.MainApp</Filter>
    </ClInclude>
    <ClInclude Include="Scene.h">
      <Filter>01.Level</Filter>
    </ClInclude>
    <ClInclude Include="Shader.h">
      <Filter>97.ShaderFile</Filter>
    </ClInclude>
    <ClInclude Include="stdafx.h">
      <Filter>98.Default</Filter>
    </ClInclude>
    <ClInclude Include="Resource.h">
      <Filter>98.Default</Filter>
    </ClInclude>
    <ClInclude Include="targetver.h">
      <Filter>98.Default</Filter>
    </ClInclude>
    <ClInclude Include="DDSTextureLoader12.h">
      <Filter>98.Default</Filter>
    </ClInclude>
    <ClInclude Include="WICTextureLoader12.h">
      <Filter>98.Default</Filter>
    </ClInclude>
    <ClInclude Include="Client_Defines.h">
      <Filter>99.Defines</Filter>
    </ClInclude>
    <ClInclude Include="Camera.h">
      <Filter>02.GameObjects\Camera</Filter>
    </ClInclude>
    <ClInclude Include="Mesh.h">
      <Filter>02.GameObjects\Mesh</Filter>
    </ClInclude>
    <ClInclude Include="Object.h">
      <Filter>02.GameObjects\Object</Filter>
    </ClInclude>
    <ClInclude Include="Player.h">
      <Filter>02.GameObjects\Player</Filter>
    </ClInclude>
    <ClInclude Include="Timer.h">
      <Filter>02.GameObjects\Timer</Filter>
    </ClInclude>
    <ClInclude Include="PlayerManager.h">
      <Filter>03.Manager</Filter>
    </ClInclude>
    <ClInclude Include="Terrain.h">
      <Filter>02.GameObjects\Terrain</Filter>
    </ClInclude>
    <ClInclude Include="SkyBox.h">
      <Filter>02.GameObjects\Sky</Filter>
    </ClInclude>
    <ClInclude Include="Mathmatics.h">
      <Filter>98.Default</Filter>
    </ClInclude>
  </ItemGroup>
  <ItemGroup>
    <ClCompile Include="imgui.cpp">
      <Filter>00.imgui</Filter>
    </ClCompile>
    <ClCompile Include="imgui_demo.cpp">
      <Filter>00.imgui</Filter>
    </ClCompile>
    <ClCompile Include="imgui_draw.cpp">
      <Filter>00.imgui</Filter>
    </ClCompile>
    <ClCompile Include="imgui_impl_dx11.cpp">
      <Filter>00.imgui</Filter>
    </ClCompile>
    <ClCompile Include="imgui_impl_win32.cpp">
      <Filter>00.imgui</Filter>
    </ClCompile>
    <ClCompile Include="imgui_tables.cpp">
      <Filter>00.imgui</Filter>
    </ClCompile>
    <ClCompile Include="imgui_widgets.cpp">
      <Filter>00.imgui</Filter>
    </ClCompile>
    <ClCompile Include="AnimatedShot.cpp">
      <Filter>00.MainApp</Filter>
    </ClCompile>
    <ClCompile Include="GameFramework.cpp">
      <Filter>00.MainApp</Filter>
    </ClCompile>
    <ClCompile Include="Scene.cpp">
      <Filter>01.Level</Filter>
    </ClCompile>
    <ClCompile Include="Shader.cpp">
      <Filter>97.ShaderFile</Filter>
    </ClCompile>
    <ClCompile Include="stdafx.cpp">
      <Filter>98.Default</Filter>
    </ClCompile>
    <ClCompile Include="DDSTextureLoader12.cpp">
      <Filter>98.Default</Filter>
    </ClCompile>
    <ClCompile Include="WICTextureLoader12.cpp">
      <Filter>98.Default</Filter>
    </ClCompile>
    <ClCompile Include="Camera.cpp">
      <Filter>02.GameObjects\Camera</Filter>
    </ClCompile>
    <ClCompile Include="Mesh.cpp">
      <Filter>02.GameObjects\Mesh</Filter>
    </ClCompile>
    <ClCompile Include="Object.cpp">
      <Filter>02.GameObjects\Object</Filter>
    </ClCompile>
    <ClCompile Include="Player.cpp">
      <Filter>02.GameObjects\Player</Filter>
    </ClCompile>
    <ClCompile Include="Timer.cpp">
      <Filter>02.GameObjects\Timer</Filter>
    </ClCompile>
    <ClCompile Include="PlayerManager.cpp">
      <Filter>03.Manager</Filter>
    </ClCompile>
    <ClCompile Include="Terrain.cpp">
      <Filter>02.GameObjects\Terrain</Filter>
    </ClCompile>
    <ClCompile Include="SkyBox.cpp">
      <Filter>02.GameObjects\Sky</Filter>
    </ClCompile>
  </ItemGroup>
  <ItemGroup>
    <Image Include="LabProject08-8-6(Fbx Animation).ico">
      <Filter>98.Default</Filter>
    </Image>
    <Image Include="small.ico">
      <Filter>98.Default</Filter>
    </Image>
  </ItemGroup>
  <ItemGroup>
    <ResourceCompile Include="LabProject08-8-6(Fbx Animation).rc">
      <Filter>98.Default</Filter>
    </ResourceCompile>
  </ItemGroup>
  <ItemGroup>
    <FxCompile Include="Animation.hlsl">
      <Filter>97.ShaderFile</Filter>
    </FxCompile>
    <FxCompile Include="Light.hlsl">
      <Filter>97.ShaderFile</Filter>
    </FxCompile>
    <FxCompile Include="SkyBox.hlsl">
      <Filter>97.ShaderFile</Filter>
    </FxCompile>
    <FxCompile Include="Terrain.hlsl">
      <Filter>97.ShaderFile</Filter>
    </FxCompile>
    <FxCompile Include="WireFrame.hlsl">
      <Filter>97.ShaderFile</Filter>
    </FxCompile>
  </ItemGroup>
</Project>